
Microsoft Visual Studio Solution File, Format Version 12.00
# Visual Studio Version 16
VisualStudioVersion = 25.0.1703.0
MinimumVisualStudioVersion = 10.0.40219.1
Project("{FAE04EC0-301F-11D3-BF4B-00C04F79EFBC}") = "StopWatch", "StopWatch\StopWatch.csproj", "{E4FFC280-867D-4EF8-9161-C222DF0791AC}"
EndProject
Global
	GlobalSection(SolutionConfigurationPlatforms) = preSolution
		Debug|Any CPU = Debug|Any CPU
		Release|Any CPU = Release|Any CPU
	EndGlobalSection
	GlobalSection(ProjectConfigurationPlatforms) = postSolution
		{E4FFC280-867D-4EF8-9161-C222DF0791AC}.Debug|Any CPU.ActiveCfg = Debug|Any CPU
		{E4FFC280-867D-4EF8-9161-C222DF0791AC}.Debug|Any CPU.Build.0 = Debug|Any CPU
		{E4FFC280-867D-4EF8-9161-C222DF0791AC}.Release|Any CPU.ActiveCfg = Release|Any CPU
		{E4FFC280-867D-4EF8-9161-C222DF0791AC}.Release|Any CPU.Build.0 = Release|Any CPU
	EndGlobalSection
	GlobalSection(SolutionProperties) = preSolution
		HideSolutionNode = FALSE
	EndGlobalSection
	GlobalSection(ExtensibilityGlobals) = postSolution
		SolutionGuid = {25023432-D026-4F4A-A1C9-FC745C94E885}
	EndGlobalSection
EndGlobal
